// !$*UTF8*$!
{
	archiveVersion = 1;
	classes = {
	};
	objectVersion = 55;
	objects = {

/* Begin PBXBuildFile section */
		15B4BBE26475A879D14A11D1 /* Pods_NewsAppMVVM.framework in Frameworks */ = {isa = PBXBuildFile; fileRef = 7A7ECC4D8ABE47DF21832CCB /* Pods_NewsAppMVVM.framework */; };
		5C35E6D928FA638000DC2C8D /* URLRequest+Extensions.swift in Sources */ = {isa = PBXBuildFile; fileRef = 5C35E6D828FA638000DC2C8D /* URLRequest+Extensions.swift */; };
		5CBAF05628FA5DBF00FACE23 /* AppDelegate.swift in Sources */ = {isa = PBXBuildFile; fileRef = 5CBAF05528FA5DBF00FACE23 /* AppDelegate.swift */; };
		5CBAF05828FA5DBF00FACE23 /* SceneDelegate.swift in Sources */ = {isa = PBXBuildFile; fileRef = 5CBAF05728FA5DBF00FACE23 /* SceneDelegate.swift */; };
		5CBAF05D28FA5DBF00FACE23 /* Main.storyboard in Resources */ = {isa = PBXBuildFile; fileRef = 5CBAF05B28FA5DBF00FACE23 /* Main.storyboard */; };
		5CBAF05F28FA5DC000FACE23 /* Assets.xcassets in Resources */ = {isa = PBXBuildFile; fileRef = 5CBAF05E28FA5DC000FACE23 /* Assets.xcassets */; };
		5CBAF06228FA5DC000FACE23 /* LaunchScreen.storyboard in Resources */ = {isa = PBXBuildFile; fileRef = 5CBAF06028FA5DC000FACE23 /* LaunchScreen.storyboard */; };
		5CBAF06B28FA5E5900FACE23 /* NewsTableViewController.swift in Sources */ = {isa = PBXBuildFile; fileRef = 5CBAF06A28FA5E5900FACE23 /* NewsTableViewController.swift */; };
		5CBAF06E28FA617C00FACE23 /* Article.swift in Sources */ = {isa = PBXBuildFile; fileRef = 5CBAF06D28FA617C00FACE23 /* Article.swift */; };
/* End PBXBuildFile section */

/* Begin PBXFileReference section */
		5C35E6D828FA638000DC2C8D /* URLRequest+Extensions.swift */ = {isa = PBXFileReference; lastKnownFileType = sourcecode.swift; path = "URLRequest+Extensions.swift"; sourceTree = "<group>"; };
		5CBAF05228FA5DBF00FACE23 /* NewsAppMVVM.app */ = {isa = PBXFileReference; explicitFileType = wrapper.application; includeInIndex = 0; path = NewsAppMVVM.app; sourceTree = BUILT_PRODUCTS_DIR; };
		5CBAF05528FA5DBF00FACE23 /* AppDelegate.swift */ = {isa = PBXFileReference; lastKnownFileType = sourcecode.swift; path = AppDelegate.swift; sourceTree = "<group>"; };
		5CBAF05728FA5DBF00FACE23 /* SceneDelegate.swift */ = {isa = PBXFileReference; lastKnownFileType = sourcecode.swift; path = SceneDelegate.swift; sourceTree = "<group>"; };
		5CBAF05C28FA5DBF00FACE23 /* Base */ = {isa = PBXFileReference; lastKnownFileType = file.storyboard; name = Base; path = Base.lproj/Main.storyboard; sourceTree = "<group>"; };
		5CBAF05E28FA5DC000FACE23 /* Assets.xcassets */ = {isa = PBXFileReference; lastKnownFileType = folder.assetcatalog; path = Assets.xcassets; sourceTree = "<group>"; };
		5CBAF06128FA5DC000FACE23 /* Base */ = {isa = PBXFileReference; lastKnownFileType = file.storyboard; name = Base; path = Base.lproj/LaunchScreen.storyboard; sourceTree = "<group>"; };
		5CBAF06328FA5DC000FACE23 /* Info.plist */ = {isa = PBXFileReference; lastKnownFileType = text.plist.xml; path = Info.plist; sourceTree = "<group>"; };
		5CBAF06A28FA5E5900FACE23 /* NewsTableViewController.swift */ = {isa = PBXFileReference; lastKnownFileType = sourcecode.swift; path = NewsTableViewController.swift; sourceTree = "<group>"; };
		5CBAF06D28FA617C00FACE23 /* Article.swift */ = {isa = PBXFileReference; lastKnownFileType = sourcecode.swift; path = Article.swift; sourceTree = "<group>"; };
		7A7ECC4D8ABE47DF21832CCB /* Pods_NewsAppMVVM.framework */ = {isa = PBXFileReference; explicitFileType = wrapper.framework; includeInIndex = 0; path = Pods_NewsAppMVVM.framework; sourceTree = BUILT_PRODUCTS_DIR; };
		D1FA1F4026ED1A94D7E53FF6 /* Pods-NewsAppMVVM.debug.xcconfig */ = {isa = PBXFileReference; includeInIndex = 1; lastKnownFileType = text.xcconfig; name = "Pods-NewsAppMVVM.debug.xcconfig"; path = "Target Support Files/Pods-NewsAppMVVM/Pods-NewsAppMVVM.debug.xcconfig"; sourceTree = "<group>"; };
		D291ED9AFB352D188BABDAFB /* Pods-NewsAppMVVM.release.xcconfig */ = {isa = PBXFileReference; includeInIndex = 1; lastKnownFileType = text.xcconfig; name = "Pods-NewsAppMVVM.release.xcconfig"; path = "Target Support Files/Pods-NewsAppMVVM/Pods-NewsAppMVVM.release.xcconfig"; sourceTree = "<group>"; };
/* End PBXFileReference section */

/* Begin PBXFrameworksBuildPhase section */
		5CBAF04F28FA5DBF00FACE23 /* Frameworks */ = {
			isa = PBXFrameworksBuildPhase;
			buildActionMask = 2147483647;
			files = (
				15B4BBE26475A879D14A11D1 /* Pods_NewsAppMVVM.framework in Frameworks */,
			);
			runOnlyForDeploymentPostprocessing = 0;
		};
/* End PBXFrameworksBuildPhase section */

/* Begin PBXGroup section */
		1661D6053D66FC666668479B /* Pods */ = {
			isa = PBXGroup;
			children = (
				D1FA1F4026ED1A94D7E53FF6 /* Pods-NewsAppMVVM.debug.xcconfig */,
				D291ED9AFB352D188BABDAFB /* Pods-NewsAppMVVM.release.xcconfig */,
			);
			path = Pods;
			sourceTree = "<group>";
		};
		5C35E6D728FA636700DC2C8D /* Extensions */ = {
			isa = PBXGroup;
			children = (
				5C35E6D828FA638000DC2C8D /* URLRequest+Extensions.swift */,
			);
			path = Extensions;
			sourceTree = "<group>";
		};
		5CBAF04928FA5DBF00FACE23 = {
			isa = PBXGroup;
			children = (
				5CBAF05428FA5DBF00FACE23 /* NewsAppMVVM */,
				5CBAF05328FA5DBF00FACE23 /* Products */,
				1661D6053D66FC666668479B /* Pods */,
				E772E811E7DF8E4EB390AAC3 /* Frameworks */,
			);
			sourceTree = "<group>";
		};
		5CBAF05328FA5DBF00FACE23 /* Products */ = {
			isa = PBXGroup;
			children = (
				5CBAF05228FA5DBF00FACE23 /* NewsAppMVVM.app */,
			);
			name = Products;
			sourceTree = "<group>";
		};
		5CBAF05428FA5DBF00FACE23 /* NewsAppMVVM */ = {
			isa = PBXGroup;
			children = (
				5C35E6D728FA636700DC2C8D /* Extensions */,
				5CBAF06C28FA60BE00FACE23 /* Models */,
				5CBAF06928FA5DF200FACE23 /* Controllers */,
				5CBAF05528FA5DBF00FACE23 /* AppDelegate.swift */,
				5CBAF05728FA5DBF00FACE23 /* SceneDelegate.swift */,
				5CBAF05B28FA5DBF00FACE23 /* Main.storyboard */,
				5CBAF05E28FA5DC000FACE23 /* Assets.xcassets */,
				5CBAF06028FA5DC000FACE23 /* LaunchScreen.storyboard */,
				5CBAF06328FA5DC000FACE23 /* Info.plist */,
			);
			path = NewsAppMVVM;
			sourceTree = "<group>";
		};
		5CBAF06928FA5DF200FACE23 /* Controllers */ = {
			isa = PBXGroup;
			children = (
				5CBAF06A28FA5E5900FACE23 /* NewsTableViewController.swift */,
			);
			path = Controllers;
			sourceTree = "<group>";
		};
		5CBAF06C28FA60BE00FACE23 /* Models */ = {
			isa = PBXGroup;
			children = (
				5CBAF06D28FA617C00FACE23 /* Article.swift */,
			);
			path = Models;
			sourceTree = "<group>";
		};
		E772E811E7DF8E4EB390AAC3 /* Frameworks */ = {
			isa = PBXGroup;
			children = (
				7A7ECC4D8ABE47DF21832CCB /* Pods_NewsAppMVVM.framework */,
			);
			name = Frameworks;
			sourceTree = "<group>";
		};
/* End PBXGroup section */

/* Begin PBXNativeTarget section */
		5CBAF05128FA5DBF00FACE23 /* NewsAppMVVM */ = {
			isa = PBXNativeTarget;
			buildConfigurationList = 5CBAF06628FA5DC000FACE23 /* Build configuration list for PBXNativeTarget "NewsAppMVVM" */;
			buildPhases = (
				CFCDE4FF7986AED2C827B004 /* [CP] Check Pods Manifest.lock */,
				5CBAF04E28FA5DBF00FACE23 /* Sources */,
				5CBAF04F28FA5DBF00FACE23 /* Frameworks */,
				5CBAF05028FA5DBF00FACE23 /* Resources */,
				110E4E03778498927CA5F9DA /* [CP] Embed Pods Frameworks */,
			);
			buildRules = (
			);
			dependencies = (
			);
			name = NewsAppMVVM;
			productName = NewsAppMVVM;
			productReference = 5CBAF05228FA5DBF00FACE23 /* NewsAppMVVM.app */;
			productType = "com.apple.product-type.application";
		};
/* End PBXNativeTarget section */

/* Begin PBXProject section */
		5CBAF04A28FA5DBF00FACE23 /* Project object */ = {
			isa = PBXProject;
			attributes = {
				BuildIndependentTargetsInParallel = 1;
				LastSwiftUpdateCheck = 1400;
				LastUpgradeCheck = 1400;
				TargetAttributes = {
					5CBAF05128FA5DBF00FACE23 = {
						CreatedOnToolsVersion = 14.0.1;
					};
				};
			};
			buildConfigurationList = 5CBAF04D28FA5DBF00FACE23 /* Build configuration list for PBXProject "NewsAppMVVM" */;
			compatibilityVersion = "Xcode 13.0";
			developmentRegion = en;
			hasScannedForEncodings = 0;
			knownRegions = (
				en,
				Base,
			);
			mainGroup = 5CBAF04928FA5DBF00FACE23;
			productRefGroup = 5CBAF05328FA5DBF00FACE23 /* Products */;
			projectDirPath = "";
			projectRoot = "";
			targets = (
				5CBAF05128FA5DBF00FACE23 /* NewsAppMVVM */,
			);
		};
/* End PBXProject section */

/* Begin PBXResourcesBuildPhase section */
		5CBAF05028FA5DBF00FACE23 /* Resources */ = {
			isa = PBXResourcesBuildPhase;
			buildActionMask = 2147483647;
			files = (
				5CBAF06228FA5DC000FACE23 /* LaunchScreen.storyboard in Resources */,
				5CBAF05F28FA5DC000FACE23 /* Assets.xcassets in Resources */,
				5CBAF05D28FA5DBF00FACE23 /* Main.storyboard in Resources */,
			);
			runOnlyForDeploymentPostprocessing = 0;
		};
/* End PBXResourcesBuildPhase section */

/* Begin PBXShellScriptBuildPhase section */
		110E4E03778498927CA5F9DA /* [CP] Embed Pods Frameworks */ = {
			isa = PBXShellScriptBuildPhase;
			buildActionMask = 2147483647;
			files = (
			);
			inputFileListPaths = (
				"${PODS_ROOT}/Target Support Files/Pods-NewsAppMVVM/Pods-NewsAppMVVM-frameworks-${CONFIGURATION}-input-files.xcfilelist",
			);
			name = "[CP] Embed Pods Frameworks";
			outputFileListPaths = (
				"${PODS_ROOT}/Target Support Files/Pods-NewsAppMVVM/Pods-NewsAppMVVM-frameworks-${CONFIGURATION}-output-files.xcfilelist",
			);
			runOnlyForDeploymentPostprocessing = 0;
			shellPath = /bin/sh;
			shellScript = "\"${PODS_ROOT}/Target Support Files/Pods-NewsAppMVVM/Pods-NewsAppMVVM-frameworks.sh\"\n";
			showEnvVarsInLog = 0;
		};
		CFCDE4FF7986AED2C827B004 /* [CP] Check Pods Manifest.lock */ = {
			isa = PBXShellScriptBuildPhase;
			buildActionMask = 2147483647;
			files = (
			);
			inputFileListPaths = (
			);
			inputPaths = (
				"${PODS_PODFILE_DIR_PATH}/Podfile.lock",
				"${PODS_ROOT}/Manifest.lock",
			);
			name = "[CP] Check Pods Manifest.lock";
			outputFileListPaths = (
			);
			outputPaths = (
				"$(DERIVED_FILE_DIR)/Pods-NewsAppMVVM-checkManifestLockResult.txt",
			);
			runOnlyForDeploymentPostprocessing = 0;
			shellPath = /bin/sh;
			shellScript = "diff \"${PODS_PODFILE_DIR_PATH}/Podfile.lock\" \"${PODS_ROOT}/Manifest.lock\" > /dev/null\nif [ $? != 0 ] ; then\n    # print error to STDERR\n    echo \"error: The sandbox is not in sync with the Podfile.lock. Run 'pod install' or update your CocoaPods installation.\" >&2\n    exit 1\nfi\n# This output is used by Xcode 'outputs' to avoid re-running this script phase.\necho \"SUCCESS\" > \"${SCRIPT_OUTPUT_FILE_0}\"\n";
			showEnvVarsInLog = 0;
		};
/* End PBXShellScriptBuildPhase section */

/* Begin PBXSourcesBuildPhase section */
		5CBAF04E28FA5DBF00FACE23 /* Sources */ = {
			isa = PBXSourcesBuildPhase;
			buildActionMask = 2147483647;
			files = (
				5CBAF06E28FA617C00FACE23 /* Article.swift in Sources */,
				5CBAF05628FA5DBF00FACE23 /* AppDelegate.swift in Sources */,
				5CBAF05828FA5DBF00FACE23 /* SceneDelegate.swift in Sources */,
				5C35E6D928FA638000DC2C8D /* URLRequest+Extensions.swift in Sources */,
				5CBAF06B28FA5E5900FACE23 /* NewsTableViewController.swift in Sources */,
			);
			runOnlyForDeploymentPostprocessing = 0;
		};
/* End PBXSourcesBuildPhase section */

/* Begin PBXVariantGroup section */
		5CBAF05B28FA5DBF00FACE23 /* Main.storyboard */ = {
			isa = PBXVariantGroup;
			children = (
				5CBAF05C28FA5DBF00FACE23 /* Base */,
			);
			name = Main.storyboard;
			sourceTree = "<group>";
		};
		5CBAF06028FA5DC000FACE23 /* LaunchScreen.storyboard */ = {
			isa = PBXVariantGroup;
			children = (
				5CBAF06128FA5DC000FACE23 /* Base */,
			);
			name = LaunchScreen.storyboard;
			sourceTree = "<group>";
		};
/* End PBXVariantGroup section */

/* Begin XCBuildConfiguration section */
		5CBAF06428FA5DC000FACE23 /* Debug */ = {
			isa = XCBuildConfiguration;
			buildSettings = {
				ALWAYS_SEARCH_USER_PATHS = NO;
				CLANG_ANALYZER_NONNULL = YES;
				CLANG_ANALYZER_NUMBER_OBJECT_CONVERSION = YES_AGGRESSIVE;
				CLANG_CXX_LANGUAGE_STANDARD = "gnu++20";
				CLANG_ENABLE_MODULES = YES;
				CLANG_ENABLE_OBJC_ARC = YES;
				CLANG_ENABLE_OBJC_WEAK = YES;
				CLANG_WARN_BLOCK_CAPTURE_AUTORELEASING = YES;
				CLANG_WARN_BOOL_CONVERSION = YES;
				CLANG_WARN_COMMA = YES;
				CLANG_WARN_CONSTANT_CONVERSION = YES;
				CLANG_WARN_DEPRECATED_OBJC_IMPLEMENTATIONS = YES;
				CLANG_WARN_DIRECT_OBJC_ISA_USAGE = YES_ERROR;
				CLANG_WARN_DOCUMENTATION_COMMENTS = YES;
				CLANG_WARN_EMPTY_BODY = YES;
				CLANG_WARN_ENUM_CONVERSION = YES;
				CLANG_WARN_INFINITE_RECURSION = YES;
				CLANG_WARN_INT_CONVERSION = YES;
				CLANG_WARN_NON_LITERAL_NULL_CONVERSION = YES;
				CLANG_WARN_OBJC_IMPLICIT_RETAIN_SELF = YES;
				CLANG_WARN_OBJC_LITERAL_CONVERSION = YES;
				CLANG_WARN_OBJC_ROOT_CLASS = YES_ERROR;
				CLANG_WARN_QUOTED_INCLUDE_IN_FRAMEWORK_HEADER = YES;
				CLANG_WARN_RANGE_LOOP_ANALYSIS = YES;
				CLANG_WARN_STRICT_PROTOTYPES = YES;
				CLANG_WARN_SUSPICIOUS_MOVE = YES;
				CLANG_WARN_UNGUARDED_AVAILABILITY = YES_AGGRESSIVE;
				CLANG_WARN_UNREACHABLE_CODE = YES;
				CLANG_WARN__DUPLICATE_METHOD_MATCH = YES;
				COPY_PHASE_STRIP = NO;
				DEBUG_INFORMATION_FORMAT = dwarf;
				ENABLE_STRICT_OBJC_MSGSEND = YES;
				ENABLE_TESTABILITY = YES;
				GCC_C_LANGUAGE_STANDARD = gnu11;
				GCC_DYNAMIC_NO_PIC = NO;
				GCC_NO_COMMON_BLOCKS = YES;
				GCC_OPTIMIZATION_LEVEL = 0;
				GCC_PREPROCESSOR_DEFINITIONS = (
					"DEBUG=1",
					"$(inherited)",
				);
				GCC_WARN_64_TO_32_BIT_CONVERSION = YES;
				GCC_WARN_ABOUT_RETURN_TYPE = YES_ERROR;
				GCC_WARN_UNDECLARED_SELECTOR = YES;
				GCC_WARN_UNINITIALIZED_AUTOS = YES_AGGRESSIVE;
				GCC_WARN_UNUSED_FUNCTION = YES;
				GCC_WARN_UNUSED_VARIABLE = YES;
				IPHONEOS_DEPLOYMENT_TARGET = 16.0;
				MTL_ENABLE_DEBUG_INFO = INCLUDE_SOURCE;
				MTL_FAST_MATH = YES;
				ONLY_ACTIVE_ARCH = YES;
				SDKROOT = iphoneos;
				SWIFT_ACTIVE_COMPILATION_CONDITIONS = DEBUG;
				SWIFT_OPTIMIZATION_LEVEL = "-Onone";
			};
			name = Debug;
		};
		5CBAF06528FA5DC000FACE23 /* Release */ = {
			isa = XCBuildConfiguration;
			buildSettings = {
				ALWAYS_SEARCH_USER_PATHS = NO;
				CLANG_ANALYZER_NONNULL = YES;
				CLANG_ANALYZER_NUMBER_OBJECT_CONVERSION = YES_AGGRESSIVE;
				CLANG_CXX_LANGUAGE_STANDARD = "gnu++20";
				CLANG_ENABLE_MODULES = YES;
				CLANG_ENABLE_OBJC_ARC = YES;
				CLANG_ENABLE_OBJC_WEAK = YES;
				CLANG_WARN_BLOCK_CAPTURE_AUTORELEASING = YES;
				CLANG_WARN_BOOL_CONVERSION = YES;
				CLANG_WARN_COMMA = YES;
				CLANG_WARN_CONSTANT_CONVERSION = YES;
				CLANG_WARN_DEPRECATED_OBJC_IMPLEMENTATIONS = YES;
				CLANG_WARN_DIRECT_OBJC_ISA_USAGE = YES_ERROR;
				CLANG_WARN_DOCUMENTATION_COMMENTS = YES;
				CLANG_WARN_EMPTY_BODY = YES;
				CLANG_WARN_ENUM_CONVERSION = YES;
				CLANG_WARN_INFINITE_RECURSION = YES;
				CLANG_WARN_INT_CONVERSION = YES;
				CLANG_WARN_NON_LITERAL_NULL_CONVERSION = YES;
				CLANG_WARN_OBJC_IMPLICIT_RETAIN_SELF = YES;
				CLANG_WARN_OBJC_LITERAL_CONVERSION = YES;
				CLANG_WARN_OBJC_ROOT_CLASS = YES_ERROR;
				CLANG_WARN_QUOTED_INCLUDE_IN_FRAMEWORK_HEADER = YES;
				CLANG_WARN_RANGE_LOOP_ANALYSIS = YES;
				CLANG_WARN_STRICT_PROTOTYPES = YES;
				CLANG_WARN_SUSPICIOUS_MOVE = YES;
				CLANG_WARN_UNGUARDED_AVAILABILITY = YES_AGGRESSIVE;
				CLANG_WARN_UNREACHABLE_CODE = YES;
				CLANG_WARN__DUPLICATE_METHOD_MATCH = YES;
				COPY_PHASE_STRIP = NO;
				DEBUG_INFORMATION_FORMAT = "dwarf-with-dsym";
				ENABLE_NS_ASSERTIONS = NO;
				ENABLE_STRICT_OBJC_MSGSEND = YES;
				GCC_C_LANGUAGE_STANDARD = gnu11;
				GCC_NO_COMMON_BLOCKS = YES;
				GCC_WARN_64_TO_32_BIT_CONVERSION = YES;
				GCC_WARN_ABOUT_RETURN_TYPE = YES_ERROR;
				GCC_WARN_UNDECLARED_SELECTOR = YES;
				GCC_WARN_UNINITIALIZED_AUTOS = YES_AGGRESSIVE;
				GCC_WARN_UNUSED_FUNCTION = YES;
				GCC_WARN_UNUSED_VARIABLE = YES;
				IPHONEOS_DEPLOYMENT_TARGET = 16.0;
				MTL_ENABLE_DEBUG_INFO = NO;
				MTL_FAST_MATH = YES;
				SDKROOT = iphoneos;
				SWIFT_COMPILATION_MODE = wholemodule;
				SWIFT_OPTIMIZATION_LEVEL = "-O";
				VALIDATE_PRODUCT = YES;
			};
			name = Release;
		};
		5CBAF06728FA5DC000FACE23 /* Debug */ = {
			isa = XCBuildConfiguration;
			baseConfigurationReference = D1FA1F4026ED1A94D7E53FF6 /* Pods-NewsAppMVVM.debug.xcconfig */;
			buildSettings = {
				ASSETCATALOG_COMPILER_APPICON_NAME = AppIcon;
				ASSETCATALOG_COMPILER_GLOBAL_ACCENT_COLOR_NAME = AccentColor;
				CODE_SIGN_STYLE = Automatic;
				CURRENT_PROJECT_VERSION = 1;
				DEVELOPMENT_TEAM = 2K35UBXMNN;
				GENERATE_INFOPLIST_FILE = YES;
				INFOPLIST_FILE = NewsAppMVVM/Info.plist;
				INFOPLIST_KEY_UIApplicationSupportsIndirectInputEvents = YES;
				INFOPLIST_KEY_UILaunchStoryboardName = LaunchScreen;
				INFOPLIST_KEY_UIMainStoryboardFile = Main;
				INFOPLIST_KEY_UIStatusBarStyle = UIStatusBarStyleLightContent;
				INFOPLIST_KEY_UISupportedInterfaceOrientations_iPad = "UIInterfaceOrientationPortrait UIInterfaceOrientationPortraitUpsideDown UIInterfaceOrientationLandscapeLeft UIInterfaceOrientationLandscapeRight";
				INFOPLIST_KEY_UISupportedInterfaceOrientations_iPhone = "UIInterfaceOrientationPortrait UIInterfaceOrientationLandscapeLeft UIInterfaceOrientationLandscapeRight";
				LD_RUNPATH_SEARCH_PATHS = (
					"$(inherited)",
					"@executable_path/Frameworks",
				);
				MARKETING_VERSION = 1.0;
				PRODUCT_BUNDLE_IDENTIFIER = halvesbatochi.NewsAppMVVM;
				PRODUCT_NAME = "$(TARGET_NAME)";
				SWIFT_EMIT_LOC_STRINGS = YES;
				SWIFT_VERSION = 5.0;
				TARGETED_DEVICE_FAMILY = "1,2";
			};
			name = Debug;
		};
		5CBAF06828FA5DC000FACE23 /* Release */ = {
			isa = XCBuildConfiguration;
			baseConfigurationReference = D291ED9AFB352D188BABDAFB /* Pods-NewsAppMVVM.release.xcconfig */;
			buildSettings = {
				ASSETCATALOG_COMPILER_APPICON_NAME = AppIcon;
				ASSETCATALOG_COMPILER_GLOBAL_ACCENT_COLOR_NAME = AccentColor;
				CODE_SIGN_STYLE = Automatic;
				CURRENT_PROJECT_VERSION = 1;
				DEVELOPMENT_TEAM = 2K35UBXMNN;
				GENERATE_INFOPLIST_FILE = YES;
				INFOPLIST_FILE = NewsAppMVVM/Info.plist;
				INFOPLIST_KEY_UIApplicationSupportsIndirectInputEvents = YES;
				INFOPLIST_KEY_UILaunchStoryboardName = LaunchScreen;
				INFOPLIST_KEY_UIMainStoryboardFile = Main;
				INFOPLIST_KEY_UIStatusBarStyle = UIStatusBarStyleLightContent;
				INFOPLIST_KEY_UISupportedInterfaceOrientations_iPad = "UIInterfaceOrientationPortrait UIInterfaceOrientationPortraitUpsideDown UIInterfaceOrientationLandscapeLeft UIInterfaceOrientationLandscapeRight";
				INFOPLIST_KEY_UISupportedInterfaceOrientations_iPhone = "UIInterfaceOrientationPortrait UIInterfaceOrientationLandscapeLeft UIInterfaceOrientationLandscapeRight";
				LD_RUNPATH_SEARCH_PATHS = (
					"$(inherited)",
					"@executable_path/Frameworks",
				);
				MARKETING_VERSION = 1.0;
				PRODUCT_BUNDLE_IDENTIFIER = halvesbatochi.NewsAppMVVM;
				PRODUCT_NAME = "$(TARGET_NAME)";
				SWIFT_EMIT_LOC_STRINGS = YES;
				SWIFT_VERSION = 5.0;
				TARGETED_DEVICE_FAMILY = "1,2";
			};
			name = Release;
		};
/* End XCBuildConfiguration section */

/* Begin XCConfigurationList section */
		5CBAF04D28FA5DBF00FACE23 /* Build configuration list for PBXProject "NewsAppMVVM" */ = {
			isa = XCConfigurationList;
			buildConfigurations = (
				5CBAF06428FA5DC000FACE23 /* Debug */,
				5CBAF06528FA5DC000FACE23 /* Release */,
			);
			defaultConfigurationIsVisible = 0;
			defaultConfigurationName = Release;
		};
		5CBAF06628FA5DC000FACE23 /* Build configuration list for PBXNativeTarget "NewsAppMVVM" */ = {
			isa = XCConfigurationList;
			buildConfigurations = (
				5CBAF06728FA5DC000FACE23 /* Debug */,
				5CBAF06828FA5DC000FACE23 /* Release */,
			);
			defaultConfigurationIsVisible = 0;
			defaultConfigurationName = Release;
		};
/* End XCConfigurationList section */
	};
	rootObject = 5CBAF04A28FA5DBF00FACE23 /* Project object */;
}
